
Microsoft Visual Studio Solution File, Format Version 12.00
# Visual Studio 2012
Project("{8BC9CEB8-8B4A-11D0-8D11-00A0C91BC942}") = "TikiCannon", "TikiCannon.vcxproj", "{0779EE18-868D-4F1D-94DD-9D40FA6A6644}"
EndProject
Global
	GlobalSection(SolutionConfigurationPlatforms) = preSolution
		Debug|Win32 = Debug|Win32
		Release|Win32 = Release|Win32
	EndGlobalSection
	GlobalSection(ProjectConfigurationPlatforms) = postSolution
		{0779EE18-868D-4F1D-94DD-9D40FA6A6644}.Debug|Win32.ActiveCfg = Debug|Win32
		{0779EE18-868D-4F1D-94DD-9D40FA6A6644}.Debug|Win32.Build.0 = Debug|Win32
		{0779EE18-868D-4F1D-94DD-9D40FA6A6644}.Release|Win32.ActiveCfg = Release|Win32
		{0779EE18-868D-4F1D-94DD-9D40FA6A6644}.Release|Win32.Build.0 = Release|Win32
	EndGlobalSection
	GlobalSection(SolutionProperties) = preSolution
		HideSolutionNode = FALSE
	EndGlobalSection
EndGlobal
